
Microsoft Visual Studio Solution File, Format Version 12.00
# Visual Studio Version 16
VisualStudioVersion = 16.0.28803.352
MinimumVisualStudioVersion = 10.0.40219.1
Project("{2150E333-8FDC-42A3-9474-1A3956D46DE8}") = "0 - Infra", "0 - Infra", "{4011173C-83AA-4DD3-8008-4941E9520325}"
EndProject
Project("{2150E333-8FDC-42A3-9474-1A3956D46DE8}") = "1 - Domain", "1 - Domain", "{8DB4C000-1E9A-457E-9F7D-4FF286C6AC37}"
EndProject
Project("{2150E333-8FDC-42A3-9474-1A3956D46DE8}") = "2 - Application", "2 - Application", "{38749FF5-C548-4991-9030-F5D89E08507F}"
EndProject
Project("{2150E333-8FDC-42A3-9474-1A3956D46DE8}") = "3 - ConsoleApp", "3 - ConsoleApp", "{EDD47A4F-39F1-4748-B04A-657E89519751}"
EndProject
Project("{2150E333-8FDC-42A3-9474-1A3956D46DE8}") = "4 - WebApi", "4 - WebApi", "{28136F2D-30E9-47CC-BBCF-7BF44FB1AACB}"
EndProject
Project("{2150E333-8FDC-42A3-9474-1A3956D46DE8}") = "5 - UnitTests", "5 - UnitTests", "{0B7535D7-0326-4311-A6D9-1379FE6B8B03}"
EndProject
Project("{FAE04EC0-301F-11D3-BF4B-00C04F79EFBC}") = "AtividadeTecnica.Infra.CrossCutting", "src\Backend\AtividadeTecnica.Infra.CrossCutting\AtividadeTecnica.Infra.CrossCutting.csproj", "{FE0E0797-1C43-4919-927C-335451D92EBA}"
EndProject
Project("{FAE04EC0-301F-11D3-BF4B-00C04F79EFBC}") = "AtividadeTecnica.Domain", "src\Backend\AtividadeTecnica.Domain\AtividadeTecnica.Domain.csproj", "{7A070152-198B-4D23-BF2B-00EF126F7D38}"
EndProject
Project("{FAE04EC0-301F-11D3-BF4B-00C04F79EFBC}") = "AtividadeTecnica.Application", "src\Backend\AtividadeTecnica.Application\AtividadeTecnica.Application.csproj", "{75024F61-3900-4BCF-81E5-04CA0611D515}"
EndProject
Project("{FAE04EC0-301F-11D3-BF4B-00C04F79EFBC}") = "AtividadeTecnica.ConsoleApp", "src\Backend\AtividadeTecnica.ConsoleApp\AtividadeTecnica.ConsoleApp.csproj", "{73CF3FB3-1057-4688-9FB6-8A4ABCAD973C}"
EndProject
Project("{FAE04EC0-301F-11D3-BF4B-00C04F79EFBC}") = "AtividadeTecnica.Domain.UnitTests", "src\Backend\AtividadeTecnica.UnitTests\AtividadeTecnica.Domain.UnitTests.csproj", "{0C2EEE0C-B80D-4C99-97C0-910761B35317}"
EndProject
Project("{9A19103F-16F7-4668-BE54-9A1E7A4F7556}") = "AtividadeTecnica.WebApi", "src\Backend\AtividadeTecnica.WebApi\AtividadeTecnica.WebApi.csproj", "{A67B3FAD-8EA8-463A-9A81-288F85AB6ACC}"
EndProject
Global
	GlobalSection(SolutionConfigurationPlatforms) = preSolution
		Debug|Any CPU = Debug|Any CPU
		Release|Any CPU = Release|Any CPU
	EndGlobalSection
	GlobalSection(ProjectConfigurationPlatforms) = postSolution
		{FE0E0797-1C43-4919-927C-335451D92EBA}.Debug|Any CPU.ActiveCfg = Debug|Any CPU
		{FE0E0797-1C43-4919-927C-335451D92EBA}.Debug|Any CPU.Build.0 = Debug|Any CPU
		{FE0E0797-1C43-4919-927C-335451D92EBA}.Release|Any CPU.ActiveCfg = Release|Any CPU
		{FE0E0797-1C43-4919-927C-335451D92EBA}.Release|Any CPU.Build.0 = Release|Any CPU
		{7A070152-198B-4D23-BF2B-00EF126F7D38}.Debug|Any CPU.ActiveCfg = Debug|Any CPU
		{7A070152-198B-4D23-BF2B-00EF126F7D38}.Debug|Any CPU.Build.0 = Debug|Any CPU
		{7A070152-198B-4D23-BF2B-00EF126F7D38}.Release|Any CPU.ActiveCfg = Release|Any CPU
		{7A070152-198B-4D23-BF2B-00EF126F7D38}.Release|Any CPU.Build.0 = Release|Any CPU
		{75024F61-3900-4BCF-81E5-04CA0611D515}.Debug|Any CPU.ActiveCfg = Debug|Any CPU
		{75024F61-3900-4BCF-81E5-04CA0611D515}.Debug|Any CPU.Build.0 = Debug|Any CPU
		{75024F61-3900-4BCF-81E5-04CA0611D515}.Release|Any CPU.ActiveCfg = Release|Any CPU
		{75024F61-3900-4BCF-81E5-04CA0611D515}.Release|Any CPU.Build.0 = Release|Any CPU
		{73CF3FB3-1057-4688-9FB6-8A4ABCAD973C}.Debug|Any CPU.ActiveCfg = Debug|Any CPU
		{73CF3FB3-1057-4688-9FB6-8A4ABCAD973C}.Debug|Any CPU.Build.0 = Debug|Any CPU
		{73CF3FB3-1057-4688-9FB6-8A4ABCAD973C}.Release|Any CPU.ActiveCfg = Release|Any CPU
		{73CF3FB3-1057-4688-9FB6-8A4ABCAD973C}.Release|Any CPU.Build.0 = Release|Any CPU
		{0C2EEE0C-B80D-4C99-97C0-910761B35317}.Debug|Any CPU.ActiveCfg = Debug|Any CPU
		{0C2EEE0C-B80D-4C99-97C0-910761B35317}.Debug|Any CPU.Build.0 = Debug|Any CPU
		{0C2EEE0C-B80D-4C99-97C0-910761B35317}.Release|Any CPU.ActiveCfg = Release|Any CPU
		{0C2EEE0C-B80D-4C99-97C0-910761B35317}.Release|Any CPU.Build.0 = Release|Any CPU
		{A67B3FAD-8EA8-463A-9A81-288F85AB6ACC}.Debug|Any CPU.ActiveCfg = Debug|Any CPU
		{A67B3FAD-8EA8-463A-9A81-288F85AB6ACC}.Debug|Any CPU.Build.0 = Debug|Any CPU
		{A67B3FAD-8EA8-463A-9A81-288F85AB6ACC}.Release|Any CPU.ActiveCfg = Release|Any CPU
		{A67B3FAD-8EA8-463A-9A81-288F85AB6ACC}.Release|Any CPU.Build.0 = Release|Any CPU
	EndGlobalSection
	GlobalSection(SolutionProperties) = preSolution
		HideSolutionNode = FALSE
	EndGlobalSection
	GlobalSection(NestedProjects) = preSolution
		{FE0E0797-1C43-4919-927C-335451D92EBA} = {4011173C-83AA-4DD3-8008-4941E9520325}
		{7A070152-198B-4D23-BF2B-00EF126F7D38} = {8DB4C000-1E9A-457E-9F7D-4FF286C6AC37}
		{75024F61-3900-4BCF-81E5-04CA0611D515} = {38749FF5-C548-4991-9030-F5D89E08507F}
		{73CF3FB3-1057-4688-9FB6-8A4ABCAD973C} = {EDD47A4F-39F1-4748-B04A-657E89519751}
		{0C2EEE0C-B80D-4C99-97C0-910761B35317} = {0B7535D7-0326-4311-A6D9-1379FE6B8B03}
		{A67B3FAD-8EA8-463A-9A81-288F85AB6ACC} = {28136F2D-30E9-47CC-BBCF-7BF44FB1AACB}
	EndGlobalSection
	GlobalSection(ExtensibilityGlobals) = postSolution
		SolutionGuid = {999B5A95-2960-4C9F-BD90-2CC2F6715D9F}
	EndGlobalSection
EndGlobal
